
Microsoft Visual Studio Solution File, Format Version 12.00
# Visual Studio 14
VisualStudioVersion = 14.0.25420.1
MinimumVisualStudioVersion = 10.0.40219.1
Project("{FAE04EC0-301F-11D3-BF4B-00C04F79EFBC}") = "ConsoleAppDemo", "PowerConsumptionCalc\ConsoleAppDemo.csproj", "{F4D82647-6AFD-4F30-89FF-5E69B3CE45B1}"
EndProject
Project("{FAE04EC0-301F-11D3-BF4B-00C04F79EFBC}") = "PowerCalcClasses", "PowerCalcClasses\PowerCalcClasses.csproj", "{4282A90B-793B-475E-85B1-3BCC620BA85D}"
EndProject
Global
	GlobalSection(SolutionConfigurationPlatforms) = preSolution
		Debug|Any CPU = Debug|Any CPU
		Release|Any CPU = Release|Any CPU
	EndGlobalSection
	GlobalSection(ProjectConfigurationPlatforms) = postSolution
		{F4D82647-6AFD-4F30-89FF-5E69B3CE45B1}.Debug|Any CPU.ActiveCfg = Debug|Any CPU
		{F4D82647-6AFD-4F30-89FF-5E69B3CE45B1}.Debug|Any CPU.Build.0 = Debug|Any CPU
		{F4D82647-6AFD-4F30-89FF-5E69B3CE45B1}.Release|Any CPU.ActiveCfg = Release|Any CPU
		{F4D82647-6AFD-4F30-89FF-5E69B3CE45B1}.Release|Any CPU.Build.0 = Release|Any CPU
		{4282A90B-793B-475E-85B1-3BCC620BA85D}.Debug|Any CPU.ActiveCfg = Debug|Any CPU
		{4282A90B-793B-475E-85B1-3BCC620BA85D}.Debug|Any CPU.Build.0 = Debug|Any CPU
		{4282A90B-793B-475E-85B1-3BCC620BA85D}.Release|Any CPU.ActiveCfg = Release|Any CPU
		{4282A90B-793B-475E-85B1-3BCC620BA85D}.Release|Any CPU.Build.0 = Release|Any CPU
	EndGlobalSection
	GlobalSection(SolutionProperties) = preSolution
		HideSolutionNode = FALSE
	EndGlobalSection
EndGlobal
