
Microsoft Visual Studio Solution File, Format Version 12.00
# Visual Studio 14
VisualStudioVersion = 14.0.25420.1
MinimumVisualStudioVersion = 10.0.40219.1
Project("{FAE04EC0-301F-11D3-BF4B-00C04F79EFBC}") = "ConsoleAppDemo", "PowerConsumptionCalc\ConsoleAppDemo.csproj", "{F4D82647-6AFD-4F30-89FF-5E69B3CE45B1}"
EndProject
Project("{FAE04EC0-301F-11D3-BF4B-00C04F79EFBC}") = "PowerCalcClasses", "PowerCalcClasses\PowerCalcClasses.csproj", "{4282A90B-793B-475E-85B1-3BCC620BA85D}"
EndProject
Project("{FAE04EC0-301F-11D3-BF4B-00C04F79EFBC}") = "PowerCalcForWindows", "PowerCalcForWindows\PowerCalcForWindows.csproj", "{83772A59-547B-4569-9E61-FE8091C3E48E}"
EndProject
Project("{FAE04EC0-301F-11D3-BF4B-00C04F79EFBC}") = "PowerCalcModelDB", "ClassLibrary1\PowerCalcModelDB.csproj", "{B5EC0B01-EDB9-4B87-955D-A26FC934981D}"
EndProject
Project("{E24C65DC-7377-472B-9ABA-BC803B73C61A}") = "PowerGridWebSite", "PowerGridWebSite\", "{B384D9A5-AE0A-4339-8467-42F7730A5573}"
	ProjectSection(WebsiteProperties) = preProject
		TargetFrameworkMoniker = ".NETFramework,Version%3Dv4.5.2"
		ProjectReferences = "{b5ec0b01-edb9-4b87-955d-a26fc934981d}|GridClassLibrary.dll;"
		Debug.AspNetCompiler.VirtualPath = "/localhost_57560"
		Debug.AspNetCompiler.PhysicalPath = "PowerGridWebSite\"
		Debug.AspNetCompiler.TargetPath = "PrecompiledWeb\localhost_57560\"
		Debug.AspNetCompiler.Updateable = "true"
		Debug.AspNetCompiler.ForceOverwrite = "true"
		Debug.AspNetCompiler.FixedNames = "false"
		Debug.AspNetCompiler.Debug = "True"
		Release.AspNetCompiler.VirtualPath = "/localhost_57560"
		Release.AspNetCompiler.PhysicalPath = "PowerGridWebSite\"
		Release.AspNetCompiler.TargetPath = "PrecompiledWeb\localhost_57560\"
		Release.AspNetCompiler.Updateable = "true"
		Release.AspNetCompiler.ForceOverwrite = "true"
		Release.AspNetCompiler.FixedNames = "false"
		Release.AspNetCompiler.Debug = "False"
		VWDPort = "57560"
		SlnRelativePath = "PowerGridWebSite\"
		DefaultWebSiteLanguage = "Visual C#"
	EndProjectSection
EndProject
Global
	GlobalSection(SolutionConfigurationPlatforms) = preSolution
		Debug|Any CPU = Debug|Any CPU
		Release|Any CPU = Release|Any CPU
	EndGlobalSection
	GlobalSection(ProjectConfigurationPlatforms) = postSolution
		{F4D82647-6AFD-4F30-89FF-5E69B3CE45B1}.Debug|Any CPU.ActiveCfg = Debug|Any CPU
		{F4D82647-6AFD-4F30-89FF-5E69B3CE45B1}.Debug|Any CPU.Build.0 = Debug|Any CPU
		{F4D82647-6AFD-4F30-89FF-5E69B3CE45B1}.Release|Any CPU.ActiveCfg = Release|Any CPU
		{F4D82647-6AFD-4F30-89FF-5E69B3CE45B1}.Release|Any CPU.Build.0 = Release|Any CPU
		{4282A90B-793B-475E-85B1-3BCC620BA85D}.Debug|Any CPU.ActiveCfg = Debug|Any CPU
		{4282A90B-793B-475E-85B1-3BCC620BA85D}.Debug|Any CPU.Build.0 = Debug|Any CPU
		{4282A90B-793B-475E-85B1-3BCC620BA85D}.Release|Any CPU.ActiveCfg = Release|Any CPU
		{4282A90B-793B-475E-85B1-3BCC620BA85D}.Release|Any CPU.Build.0 = Release|Any CPU
		{83772A59-547B-4569-9E61-FE8091C3E48E}.Debug|Any CPU.ActiveCfg = Debug|Any CPU
		{83772A59-547B-4569-9E61-FE8091C3E48E}.Debug|Any CPU.Build.0 = Debug|Any CPU
		{83772A59-547B-4569-9E61-FE8091C3E48E}.Release|Any CPU.ActiveCfg = Release|Any CPU
		{83772A59-547B-4569-9E61-FE8091C3E48E}.Release|Any CPU.Build.0 = Release|Any CPU
		{B5EC0B01-EDB9-4B87-955D-A26FC934981D}.Debug|Any CPU.ActiveCfg = Debug|Any CPU
		{B5EC0B01-EDB9-4B87-955D-A26FC934981D}.Debug|Any CPU.Build.0 = Debug|Any CPU
		{B5EC0B01-EDB9-4B87-955D-A26FC934981D}.Release|Any CPU.ActiveCfg = Release|Any CPU
		{B5EC0B01-EDB9-4B87-955D-A26FC934981D}.Release|Any CPU.Build.0 = Release|Any CPU
		{B384D9A5-AE0A-4339-8467-42F7730A5573}.Debug|Any CPU.ActiveCfg = Debug|Any CPU
		{B384D9A5-AE0A-4339-8467-42F7730A5573}.Debug|Any CPU.Build.0 = Debug|Any CPU
		{B384D9A5-AE0A-4339-8467-42F7730A5573}.Release|Any CPU.ActiveCfg = Debug|Any CPU
		{B384D9A5-AE0A-4339-8467-42F7730A5573}.Release|Any CPU.Build.0 = Debug|Any CPU
	EndGlobalSection
	GlobalSection(SolutionProperties) = preSolution
		HideSolutionNode = FALSE
	EndGlobalSection
EndGlobal
